
Microsoft Visual Studio Solution File, Format Version 12.00
# Visual Studio Version 16
VisualStudioVersion = 16.0.31605.320
MinimumVisualStudioVersion = 10.0.40219.1
Project("{9A19103F-16F7-4668-BE54-9A1E7A4F7556}") = "EFCoreSqlite", "EFCoreSqlite\EFCoreSqlite.csproj", "{7CE6FC14-8C09-4433-BE38-8BE537DCCBEC}"
EndProject
Project("{2150E333-8FDC-42A3-9474-1A3956D46DE8}") = "Solution Items", "Solution Items", "{5165060C-D2CD-4129-A957-AA35CA3D3CF1}"
	ProjectSection(SolutionItems) = preProject
		.editorconfig = .editorconfig
	EndProjectSection
EndProject
Global
	GlobalSection(SolutionConfigurationPlatforms) = preSolution
		Debug|Any CPU = Debug|Any CPU
		Debug|x64 = Debug|x64
		Release|Any CPU = Release|Any CPU
		Release|x64 = Release|x64
	EndGlobalSection
	GlobalSection(ProjectConfigurationPlatforms) = postSolution
		{7CE6FC14-8C09-4433-BE38-8BE537DCCBEC}.Debug|Any CPU.ActiveCfg = Debug|x64
		{7CE6FC14-8C09-4433-BE38-8BE537DCCBEC}.Debug|Any CPU.Build.0 = Debug|x64
		{7CE6FC14-8C09-4433-BE38-8BE537DCCBEC}.Debug|x64.ActiveCfg = Debug|x64
		{7CE6FC14-8C09-4433-BE38-8BE537DCCBEC}.Debug|x64.Build.0 = Debug|x64
		{7CE6FC14-8C09-4433-BE38-8BE537DCCBEC}.Release|Any CPU.ActiveCfg = Release|Any CPU
		{7CE6FC14-8C09-4433-BE38-8BE537DCCBEC}.Release|Any CPU.Build.0 = Release|Any CPU
		{7CE6FC14-8C09-4433-BE38-8BE537DCCBEC}.Release|x64.ActiveCfg = Release|x64
		{7CE6FC14-8C09-4433-BE38-8BE537DCCBEC}.Release|x64.Build.0 = Release|x64
	EndGlobalSection
	GlobalSection(SolutionProperties) = preSolution
		HideSolutionNode = FALSE
	EndGlobalSection
	GlobalSection(ExtensibilityGlobals) = postSolution
		SolutionGuid = {47DE94FA-CAC0-4D58-BD09-AF962E3408A6}
	EndGlobalSection
EndGlobal
